{
    "_readme": [
        "This file locks the dependencies of your project to a known state",
        "Read more about it at https://getcomposer.org/doc/01-basic-usage.md#installing-dependencies",
        "This file is @generated automatically"
    ],
    "content-hash": "88f875fe3027721df702f41d640aa008",
    "packages": [],
    "packages-dev": [
        {
            "name": "composer/semver",
            "version": "3.2.7",
            "source": {
                "type": "git",
                "url": "https://github.com/composer/semver.git",
                "reference": "deac27056b57e46faf136fae7b449eeaa71661ee"
            },
            "dist": {
                "type": "zip",
                "url": "https://api.github.com/repos/composer/semver/zipball/deac27056b57e46faf136fae7b449eeaa71661ee",
                "reference": "deac27056b57e46faf136fae7b449eeaa71661ee",
                "shasum": ""
            },
            "require": {
                "php": "^5.3.2 || ^7.0 || ^8.0"
            },
            "require-dev": {
                "phpstan/phpstan": "^0.12.54",
                "symfony/phpunit-bridge": "^4.2 || ^5"
            },
            "type": "library",
            "extra": {
                "branch-alias": {
                    "dev-main": "3.x-dev"
                }
            },
            "autoload": {
                "psr-4": {
                    "Composer\\Semver\\": "src"
                }
            },
            "notification-url": "https://packagist.org/downloads/",
            "license": [
                "MIT"
            ],
            "authors": [
                {
                    "name": "Nils Adermann",
                    "email": "naderman@naderman.de",
                    "homepage": "http://www.naderman.de"
                },
                {
                    "name": "Jordi Boggiano",
                    "email": "j.boggiano@seld.be",
                    "homepage": "http://seld.be"
                },
                {
                    "name": "Rob Bast",
                    "email": "rob.bast@gmail.com",
                    "homepage": "http://robbast.nl"
                }
            ],
            "description": "Semver library that offers utilities, version constraint parsing and validation.",
            "keywords": [
                "semantic",
                "semver",
                "validation",
                "versioning"
            ],
            "support": {
                "irc": "irc://irc.freenode.org/composer",
                "issues": "https://github.com/composer/semver/issues",
                "source": "https://github.com/composer/semver/tree/3.2.7"
            },
            "funding": [
                {
                    "url": "https://packagist.com",
                    "type": "custom"
                },
                {
                    "url": "https://github.com/composer",
                    "type": "github"
                },
                {
                    "url": "https://tidelift.com/funding/github/packagist/composer/composer",
                    "type": "tidelift"
                }
            ],
            "time": "2022-01-04T09:57:54+00:00"
        },
        {
            "name": "composer/spdx-licenses",
            "version": "1.5.6",
            "source": {
                "type": "git",
                "url": "https://github.com/composer/spdx-licenses.git",
                "reference": "a30d487169d799745ca7280bc90fdfa693536901"
            },
            "dist": {
                "type": "zip",
                "url": "https://api.github.com/repos/composer/spdx-licenses/zipball/a30d487169d799745ca7280bc90fdfa693536901",
                "reference": "a30d487169d799745ca7280bc90fdfa693536901",
                "shasum": ""
            },
            "require": {
                "php": "^5.3.2 || ^7.0 || ^8.0"
            },
            "require-dev": {
                "phpstan/phpstan": "^0.12.55",
                "symfony/phpunit-bridge": "^4.2 || ^5"
            },
            "type": "library",
            "extra": {
                "branch-alias": {
                    "dev-main": "1.x-dev"
                }
            },
            "autoload": {
                "psr-4": {
                    "Composer\\Spdx\\": "src"
                }
            },
            "notification-url": "https://packagist.org/downloads/",
            "license": [
                "MIT"
            ],
            "authors": [
                {
                    "name": "Nils Adermann",
                    "email": "naderman@naderman.de",
                    "homepage": "http://www.naderman.de"
                },
                {
                    "name": "Jordi Boggiano",
                    "email": "j.boggiano@seld.be",
                    "homepage": "http://seld.be"
                },
                {
                    "name": "Rob Bast",
                    "email": "rob.bast@gmail.com",
                    "homepage": "http://robbast.nl"
                }
            ],
            "description": "SPDX licenses list and validation library.",
            "keywords": [
                "license",
                "spdx",
                "validator"
            ],
            "support": {
                "irc": "irc://irc.freenode.org/composer",
                "issues": "https://github.com/composer/spdx-licenses/issues",
                "source": "https://github.com/composer/spdx-licenses/tree/1.5.6"
            },
            "funding": [
                {
                    "url": "https://packagist.com",
                    "type": "custom"
                },
                {
                    "url": "https://github.com/composer",
                    "type": "github"
                },
                {
                    "url": "https://tidelift.com/funding/github/packagist/composer/composer",
                    "type": "tidelift"
                }
            ],
            "time": "2021-11-18T10:14:14+00:00"
        },
        {
            "name": "justinrainbow/json-schema",
            "version": "5.2.11",
            "source": {
                "type": "git",
                "url": "https://github.com/justinrainbow/json-schema.git",
                "reference": "2ab6744b7296ded80f8cc4f9509abbff393399aa"
            },
            "dist": {
                "type": "zip",
                "url": "https://api.github.com/repos/justinrainbow/json-schema/zipball/2ab6744b7296ded80f8cc4f9509abbff393399aa",
                "reference": "2ab6744b7296ded80f8cc4f9509abbff393399aa",
                "shasum": ""
            },
            "require": {
                "php": ">=5.3.3"
            },
            "require-dev": {
                "friendsofphp/php-cs-fixer": "~2.2.20||~2.15.1",
                "json-schema/json-schema-test-suite": "1.2.0",
                "phpunit/phpunit": "^4.8.35"
            },
            "bin": [
                "bin/validate-json"
            ],
            "type": "library",
            "extra": {
                "branch-alias": {
                    "dev-master": "5.0.x-dev"
                }
            },
            "autoload": {
                "psr-4": {
                    "JsonSchema\\": "src/JsonSchema/"
                }
            },
            "notification-url": "https://packagist.org/downloads/",
            "license": [
                "MIT"
            ],
            "authors": [
                {
                    "name": "Bruno Prieto Reis",
                    "email": "bruno.p.reis@gmail.com"
                },
                {
                    "name": "Justin Rainbow",
                    "email": "justin.rainbow@gmail.com"
                },
                {
                    "name": "Igor Wiedler",
                    "email": "igor@wiedler.ch"
                },
                {
                    "name": "Robert Schönthal",
                    "email": "seroscho@googlemail.com"
                }
            ],
            "description": "A library to validate a json schema.",
            "homepage": "https://github.com/justinrainbow/json-schema",
            "keywords": [
                "json",
                "schema"
            ],
            "support": {
                "issues": "https://github.com/justinrainbow/json-schema/issues",
                "source": "https://github.com/justinrainbow/json-schema/tree/5.2.11"
            },
            "time": "2021-07-22T09:24:00+00:00"
        },
        {
            "name": "mediawiki/mediawiki-codesniffer",
            "version": "v38.0.0",
            "source": {
                "type": "git",
                "url": "https://github.com/wikimedia/mediawiki-tools-codesniffer.git",
                "reference": "059db7ef17adf2fd1088c42a05e6736e5c2aab2a"
            },
            "dist": {
                "type": "zip",
                "url": "https://api.github.com/repos/wikimedia/mediawiki-tools-codesniffer/zipball/059db7ef17adf2fd1088c42a05e6736e5c2aab2a",
                "reference": "059db7ef17adf2fd1088c42a05e6736e5c2aab2a",
                "shasum": ""
            },
            "require": {
                "composer/semver": "^1.7.2|^3.2.4",
                "composer/spdx-licenses": "~1.5.2",
                "ext-mbstring": "*",
                "php": ">=7.2.0",
                "squizlabs/php_codesniffer": "3.6.1"
            },
            "require-dev": {
                "mediawiki/mediawiki-phan-config": "0.11.0",
                "mediawiki/minus-x": "1.1.1",
                "php-parallel-lint/php-console-highlighter": "0.5.0",
                "php-parallel-lint/php-parallel-lint": "1.3.1",
                "phpunit/phpunit": "^8.5"
            },
            "type": "phpcodesniffer-standard",
            "autoload": {
                "psr-4": {
                    "MediaWiki\\Sniffs\\": "MediaWiki/Sniffs/",
                    "MediaWiki\\Sniffs\\Tests\\": "MediaWiki/Tests/"
                }
            },
            "notification-url": "https://packagist.org/downloads/",
            "license": [
                "GPL-2.0-or-later"
            ],
            "description": "MediaWiki CodeSniffer Standards",
            "homepage": "https://www.mediawiki.org/wiki/Manual:Coding_conventions/PHP",
            "keywords": [
                "codesniffer",
                "mediawiki"
            ],
            "support": {
                "source": "https://github.com/wikimedia/mediawiki-tools-codesniffer/tree/v38.0.0"
            },
            "time": "2021-10-21T18:15:41+00:00"
        },
        {
            "name": "php-parallel-lint/php-parallel-lint",
            "version": "v1.3.1",
            "source": {
                "type": "git",
                "url": "https://github.com/php-parallel-lint/PHP-Parallel-Lint.git",
                "reference": "761f3806e30239b5fcd90a0a45d41dc2138de192"
            },
            "dist": {
                "type": "zip",
                "url": "https://api.github.com/repos/php-parallel-lint/PHP-Parallel-Lint/zipball/761f3806e30239b5fcd90a0a45d41dc2138de192",
                "reference": "761f3806e30239b5fcd90a0a45d41dc2138de192",
                "shasum": ""
            },
            "require": {
                "ext-json": "*",
                "php": ">=5.3.0"
            },
            "replace": {
                "grogy/php-parallel-lint": "*",
                "jakub-onderka/php-parallel-lint": "*"
            },
            "require-dev": {
                "nette/tester": "^1.3 || ^2.0",
                "php-parallel-lint/php-console-highlighter": "~0.3",
                "squizlabs/php_codesniffer": "^3.6"
            },
            "suggest": {
                "php-parallel-lint/php-console-highlighter": "Highlight syntax in code snippet"
            },
            "bin": [
                "parallel-lint"
            ],
            "type": "library",
            "autoload": {
                "classmap": [
                    "./"
                ]
            },
            "notification-url": "https://packagist.org/downloads/",
            "license": [
                "BSD-2-Clause"
            ],
            "authors": [
                {
                    "name": "Jakub Onderka",
                    "email": "ahoj@jakubonderka.cz"
                }
            ],
            "description": "This tool check syntax of PHP files about 20x faster than serial check.",
            "homepage": "https://github.com/php-parallel-lint/PHP-Parallel-Lint",
            "support": {
                "issues": "https://github.com/php-parallel-lint/PHP-Parallel-Lint/issues",
                "source": "https://github.com/php-parallel-lint/PHP-Parallel-Lint/tree/v1.3.1"
            },
            "time": "2021-08-13T05:35:13+00:00"
        },
        {
            "name": "squizlabs/php_codesniffer",
            "version": "3.6.1",
            "source": {
                "type": "git",
                "url": "https://github.com/squizlabs/PHP_CodeSniffer.git",
                "reference": "f268ca40d54617c6e06757f83f699775c9b3ff2e"
            },
            "dist": {
                "type": "zip",
                "url": "https://api.github.com/repos/squizlabs/PHP_CodeSniffer/zipball/f268ca40d54617c6e06757f83f699775c9b3ff2e",
                "reference": "f268ca40d54617c6e06757f83f699775c9b3ff2e",
                "shasum": ""
            },
            "require": {
                "ext-simplexml": "*",
                "ext-tokenizer": "*",
                "ext-xmlwriter": "*",
                "php": ">=5.4.0"
            },
            "require-dev": {
                "phpunit/phpunit": "^4.0 || ^5.0 || ^6.0 || ^7.0"
            },
            "bin": [
                "bin/phpcs",
                "bin/phpcbf"
            ],
            "type": "library",
            "extra": {
                "branch-alias": {
                    "dev-master": "3.x-dev"
                }
            },
            "notification-url": "https://packagist.org/downloads/",
            "license": [
                "BSD-3-Clause"
            ],
            "authors": [
                {
                    "name": "Greg Sherwood",
                    "role": "lead"
                }
            ],
            "description": "PHP_CodeSniffer tokenizes PHP, JavaScript and CSS files and detects violations of a defined set of coding standards.",
            "homepage": "https://github.com/squizlabs/PHP_CodeSniffer",
            "keywords": [
                "phpcs",
                "standards"
            ],
            "support": {
                "issues": "https://github.com/squizlabs/PHP_CodeSniffer/issues",
                "source": "https://github.com/squizlabs/PHP_CodeSniffer",
                "wiki": "https://github.com/squizlabs/PHP_CodeSniffer/wiki"
            },
            "time": "2021-10-11T04:00:11+00:00"
        },
        {
            "name": "symfony/deprecation-contracts",
            "version": "v2.5.0",
            "source": {
                "type": "git",
                "url": "https://github.com/symfony/deprecation-contracts.git",
                "reference": "6f981ee24cf69ee7ce9736146d1c57c2780598a8"
            },
            "dist": {
                "type": "zip",
                "url": "https://api.github.com/repos/symfony/deprecation-contracts/zipball/6f981ee24cf69ee7ce9736146d1c57c2780598a8",
                "reference": "6f981ee24cf69ee7ce9736146d1c57c2780598a8",
                "shasum": ""
            },
            "require": {
                "php": ">=7.1"
            },
            "type": "library",
            "extra": {
                "branch-alias": {
                    "dev-main": "2.5-dev"
                },
                "thanks": {
                    "name": "symfony/contracts",
                    "url": "https://github.com/symfony/contracts"
                }
            },
            "autoload": {
                "files": [
                    "function.php"
                ]
            },
            "notification-url": "https://packagist.org/downloads/",
            "license": [
                "MIT"
            ],
            "authors": [
                {
                    "name": "Nicolas Grekas",
                    "email": "p@tchwork.com"
                },
                {
                    "name": "Symfony Community",
                    "homepage": "https://symfony.com/contributors"
                }
            ],
            "description": "A generic function and convention to trigger deprecation notices",
            "homepage": "https://symfony.com",
            "support": {
                "source": "https://github.com/symfony/deprecation-contracts/tree/v2.5.0"
            },
            "funding": [
                {
                    "url": "https://symfony.com/sponsor",
                    "type": "custom"
                },
                {
                    "url": "https://github.com/fabpot",
                    "type": "github"
                },
                {
                    "url": "https://tidelift.com/funding/github/packagist/symfony/symfony",
                    "type": "tidelift"
                }
            ],
            "time": "2021-07-12T14:48:14+00:00"
        },
        {
            "name": "symfony/polyfill-ctype",
            "version": "v1.24.0",
            "source": {
                "type": "git",
                "url": "https://github.com/symfony/polyfill-ctype.git",
                "reference": "30885182c981ab175d4d034db0f6f469898070ab"
            },
            "dist": {
                "type": "zip",
                "url": "https://api.github.com/repos/symfony/polyfill-ctype/zipball/30885182c981ab175d4d034db0f6f469898070ab",
                "reference": "30885182c981ab175d4d034db0f6f469898070ab",
                "shasum": ""
            },
            "require": {
                "php": ">=7.1"
            },
            "provide": {
                "ext-ctype": "*"
            },
            "suggest": {
                "ext-ctype": "For best performance"
            },
            "type": "library",
            "extra": {
                "branch-alias": {
                    "dev-main": "1.23-dev"
                },
                "thanks": {
                    "name": "symfony/polyfill",
                    "url": "https://github.com/symfony/polyfill"
                }
            },
            "autoload": {
                "psr-4": {
                    "Symfony\\Polyfill\\Ctype\\": ""
                },
                "files": [
                    "bootstrap.php"
                ]
            },
            "notification-url": "https://packagist.org/downloads/",
            "license": [
                "MIT"
            ],
            "authors": [
                {
                    "name": "Gert de Pagter",
                    "email": "BackEndTea@gmail.com"
                },
                {
                    "name": "Symfony Community",
                    "homepage": "https://symfony.com/contributors"
                }
            ],
            "description": "Symfony polyfill for ctype functions",
            "homepage": "https://symfony.com",
            "keywords": [
                "compatibility",
                "ctype",
                "polyfill",
                "portable"
            ],
            "support": {
                "source": "https://github.com/symfony/polyfill-ctype/tree/v1.24.0"
            },
            "funding": [
                {
                    "url": "https://symfony.com/sponsor",
                    "type": "custom"
                },
                {
                    "url": "https://github.com/fabpot",
                    "type": "github"
                },
                {
                    "url": "https://tidelift.com/funding/github/packagist/symfony/symfony",
                    "type": "tidelift"
                }
            ],
            "time": "2021-10-20T20:35:02+00:00"
        },
        {
            "name": "symfony/yaml",
            "version": "v5.4.2",
            "source": {
                "type": "git",
                "url": "https://github.com/symfony/yaml.git",
                "reference": "b9eb163846a61bb32dfc147f7859e274fab38b58"
            },
            "dist": {
                "type": "zip",
                "url": "https://api.github.com/repos/symfony/yaml/zipball/b9eb163846a61bb32dfc147f7859e274fab38b58",
                "reference": "b9eb163846a61bb32dfc147f7859e274fab38b58",
                "shasum": ""
            },
            "require": {
                "php": ">=7.2.5",
                "symfony/deprecation-contracts": "^2.1|^3",
                "symfony/polyfill-ctype": "^1.8"
            },
            "conflict": {
                "symfony/console": "<5.3"
            },
            "require-dev": {
                "symfony/console": "^5.3|^6.0"
            },
            "suggest": {
                "symfony/console": "For validating YAML files using the lint command"
            },
            "bin": [
                "Resources/bin/yaml-lint"
            ],
            "type": "library",
            "autoload": {
                "psr-4": {
                    "Symfony\\Component\\Yaml\\": ""
                },
                "exclude-from-classmap": [
                    "/Tests/"
                ]
            },
            "notification-url": "https://packagist.org/downloads/",
            "license": [
                "MIT"
            ],
            "authors": [
                {
                    "name": "Fabien Potencier",
                    "email": "fabien@symfony.com"
                },
                {
                    "name": "Symfony Community",
                    "homepage": "https://symfony.com/contributors"
                }
            ],
            "description": "Loads and dumps YAML files",
            "homepage": "https://symfony.com",
            "support": {
                "source": "https://github.com/symfony/yaml/tree/v5.4.2"
            },
            "funding": [
                {
                    "url": "https://symfony.com/sponsor",
                    "type": "custom"
                },
                {
                    "url": "https://github.com/fabpot",
                    "type": "github"
                },
                {
                    "url": "https://tidelift.com/funding/github/packagist/symfony/symfony",
                    "type": "tidelift"
                }
            ],
            "time": "2021-12-16T21:58:21+00:00"
        }
    ],
    "aliases": [],
    "minimum-stability": "stable",
    "stability-flags": [],
    "prefer-stable": false,
    "prefer-lowest": false,
    "platform": {
        "ext-yaml": "*"
    },
    "platform-dev": [],
    "plugin-api-version": "2.0.0"
}
