FORGE
  remote: https://forgeapi.puppetlabs.com
  specs:
    camptocamp-systemd (3.0.0)
      puppetlabs-inifile (>= 1.6.0, < 6.0.0)
      puppetlabs-stdlib (>= 4.13.1, < 8.0.0)
    elastic-elastic_stack (6.3.2)
      puppet-yum (>= 0.9.6, < 5.0.0)
      puppetlabs-apt (>= 2.0.0, < 8.0.0)
      puppetlabs-stdlib (>= 4.13.1, < 7.0.0)
      puppetlabs-yumrepo_core (>= 1.0.0, < 2.0.0)
    puppet-archive (5.0.0)
      puppetlabs-stdlib (>= 4.18.0, < 8.0.0)
    puppet-elastic_stack (8.0.0)
      puppet-yum (>= 0.9.6, < 6.0.0)
      puppetlabs-apt (>= 2.0.0, < 9.0.0)
      puppetlabs-stdlib (>= 4.13.1, < 9.0.0)
    puppet-elasticsearch (8.0.2)
      puppet-elastic_stack (>= 8.0.0, < 9.0.0)
      puppetlabs-java (>= 1.0.0, < 9.0.0)
      puppetlabs-stdlib (>= 4.13.0, < 9.0.0)
      richardc-datacat (>= 0.6.2, < 1.0.0)
    puppet-epel (3.1.0)
    puppet-kibana (7.0.0)
      elastic-elastic_stack (>= 6.1.0, < 7.0.0)
    puppet-letsencrypt (6.0.0)
      puppet-epel (>= 3.0.1, < 4.0.0)
      puppetlabs-inifile (>= 2.0.0, < 5.0.0)
      puppetlabs-stdlib (>= 4.13.1, < 7.0.0)
      puppetlabs-vcsrepo (>= 2.0.0, < 4.0.0)
    puppet-yum (4.3.0)
      puppetlabs-concat (>= 1.2.5, < 7.0.0)
      puppetlabs-stdlib (>= 4.18.0, < 7.0.0)
    puppetlabs-apt (7.7.1)
      puppetlabs-stdlib (>= 4.16.0, < 7.0.0)
      puppetlabs-translate (>= 1.0.0, < 3.0.0)
    puppetlabs-concat (6.4.0)
      puppetlabs-stdlib (>= 4.13.1, < 7.0.0)
      puppetlabs-translate (>= 1.0.0, < 3.0.0)
    puppetlabs-firewall (3.2.0)
      puppetlabs-stdlib (>= 4.0.0, < 9.0.0)
    puppetlabs-inifile (4.4.0)
      puppetlabs-stdlib (>= 4.13.0, < 7.0.0)
      puppetlabs-translate (>= 1.0.0, < 3.0.0)
    puppetlabs-java (7.1.1)
      puppet-archive (>= 1.1.0, < 6.0.0)
      puppetlabs-stdlib (>= 4.13.1, < 9.0.0)
    puppetlabs-mount_core (1.0.4)
    puppetlabs-mysql (12.0.1)
      puppetlabs-stdlib (>= 3.2.0, < 9.0.0)
    puppetlabs-stdlib (6.6.0)
    puppetlabs-translate (2.2.0)
    puppetlabs-vcsrepo (3.2.1)
    puppetlabs-yumrepo_core (1.0.7)
    richardc-datacat (0.6.2)
    thias-sysctl (1.0.7)

DEPENDENCIES
  camptocamp-systemd (= 3.0.0)
  puppet-elastic_stack (= 8.0.0)
  puppet-elasticsearch (= 8.0.2)
  puppet-kibana (= 7.0.0)
  puppet-letsencrypt (= 6.0.0)
  puppetlabs-firewall (= 3.2.0)
  puppetlabs-java (= 7.1.1)
  puppetlabs-mount_core (= 1.0.4)
  puppetlabs-mysql (= 12.0.1)
  thias-sysctl (= 1.0.7)

