FORGE
  remote: https://forgeapi.puppetlabs.com
  specs:
    camptocamp-augeas (1.9.0)
      puppetlabs-augeas_core (>= 1.0.0, < 2.0.0)
    camptocamp-systemd (3.0.0)
      puppetlabs-inifile (>= 1.6.0, < 6.0.0)
      puppetlabs-stdlib (>= 4.13.1, < 8.0.0)
    lvicainne-opendkim (0.2.9)
      puppetlabs-stdlib (>= 4.13.0, < 7.0.0)
    puppet-alternatives (4.2.0)
    puppet-archive (5.0.0)
      puppetlabs-stdlib (>= 4.18.0, < 8.0.0)
    puppet-elastic_stack (8.0.2)
      puppet-yum (>= 0.9.6, < 7.0.0)
      puppetlabs-apt (>= 2.0.0, < 10.0.0)
      puppetlabs-stdlib (>= 4.13.1, < 9.0.0)
    puppet-elasticsearch (8.1.0)
      puppet-elastic_stack (>= 8.0.0, < 9.0.0)
      puppetlabs-java (>= 1.0.0, < 9.0.0)
      puppetlabs-java_ks (>= 1.5.0, < 5.0.0)
      puppetlabs-stdlib (>= 4.13.0, < 9.0.0)
    puppet-epel (4.1.0)
    puppet-kibana (7.0.1)
      puppet-elastic_stack (>= 6.1.0, < 9.0.0)
    puppet-letsencrypt (9.2.0)
      puppet-epel (>= 3.0.1, < 5.0.0)
      puppetlabs-inifile (>= 2.5.0, < 6.0.0)
      puppetlabs-stdlib (>= 4.13.1, < 9.0.0)
    puppet-postfix (3.1.0)
      camptocamp-augeas (>= 1.0.0, < 2.0.0)
      puppet-alternatives (>= 2.0.0, < 5.0.0)
      puppetlabs-mailalias_core (>= 1.0.5, < 2.0.0)
      puppetlabs-stdlib (>= 4.13.0, < 9.0.0)
    puppet-yum (4.3.0)
      puppetlabs-concat (>= 1.2.5, < 7.0.0)
      puppetlabs-stdlib (>= 4.18.0, < 7.0.0)
    puppetlabs-apt (7.7.1)
      puppetlabs-stdlib (>= 4.16.0, < 7.0.0)
      puppetlabs-translate (>= 1.0.0, < 3.0.0)
    puppetlabs-augeas_core (1.3.0)
    puppetlabs-concat (6.4.0)
      puppetlabs-stdlib (>= 4.13.1, < 7.0.0)
      puppetlabs-translate (>= 1.0.0, < 3.0.0)
    puppetlabs-firewall (4.1.0)
      puppetlabs-stdlib (>= 4.0.0, < 9.0.0)
    puppetlabs-inifile (4.4.0)
      puppetlabs-stdlib (>= 4.13.0, < 7.0.0)
      puppetlabs-translate (>= 1.0.0, < 3.0.0)
    puppetlabs-java (8.2.0)
      puppet-archive (>= 1.1.0, < 7.0.0)
      puppetlabs-stdlib (>= 4.13.1, < 9.0.0)
    puppetlabs-java_ks (4.4.2)
    puppetlabs-mailalias_core (1.1.0)
    puppetlabs-mount_core (1.2.0)
    puppetlabs-mysql (13.3.0)
      puppetlabs-stdlib (>= 3.2.0, < 9.0.0)
    puppetlabs-stdlib (6.6.0)
    puppetlabs-translate (2.2.0)
    thias-sysctl (1.0.7)

DEPENDENCIES
  camptocamp-systemd (= 3.0.0)
  lvicainne-opendkim (= 0.2.9)
  puppet-elastic_stack (= 8.0.2)
  puppet-elasticsearch (= 8.1.0)
  puppet-kibana (= 7.0.1)
  puppet-letsencrypt (= 9.2.0)
  puppet-postfix (= 3.1.0)
  puppetlabs-firewall (= 4.1.0)
  puppetlabs-java (= 8.2.0)
  puppetlabs-mount_core (= 1.2.0)
  puppetlabs-mysql (= 13.3.0)
  thias-sysctl (= 1.0.7)

