FORGE
  remote: https://forgeapi.puppetlabs.com
  specs:
    puppet-alternatives (5.1.0)
    puppet-archive (7.1.0)
      puppetlabs-stdlib (>= 4.18.0, < 10.0.0)
    puppet-elastic_stack (9.0.0)
      puppet-yum (>= 0.9.6, < 8.0.0)
      puppetlabs-apt (>= 2.0.0, < 10.0.0)
      puppetlabs-stdlib (>= 4.13.1, < 10.0.0)
    puppet-elasticsearch (9.0.0)
      puppet-elastic_stack (>= 8.0.0, < 10.0.0)
      puppetlabs-java (>= 1.0.0, < 11.0.0)
      puppetlabs-java_ks (>= 1.5.0, < 6.0.0)
      puppetlabs-stdlib (>= 6.1.0, < 10.0.0)
    puppet-epel (5.0.0)
    puppet-kibana (8.0.0)
      puppet-elastic_stack (>= 6.1.0, < 10.0.0)
    puppet-letsencrypt (11.0.0)
      puppet-epel (>= 3.0.1, < 6.0.0)
      puppetlabs-inifile (>= 2.5.0, < 7.0.0)
      puppetlabs-stdlib (>= 4.13.1, < 10.0.0)
    puppet-postfix (4.4.0)
      puppet-alternatives (>= 2.0.0, < 6.0.0)
      puppetlabs-mailalias_core (>= 1.0.5, < 2.0.0)
      puppetlabs-stdlib (>= 4.13.0, < 10.0.0)
    puppet-systemd (6.6.0)
      puppetlabs-inifile (>= 1.6.0, < 7.0.0)
      puppetlabs-stdlib (>= 4.13.1, < 10.0.0)
    puppet-yum (7.1.0)
      puppetlabs-concat (>= 1.2.5, < 10.0.0)
      puppetlabs-stdlib (>= 9.0.0, < 10.0.0)
    puppetlabs-apt (9.4.0)
      puppetlabs-stdlib (>= 9.0.0, < 10.0.0)
    puppetlabs-concat (9.0.2)
      puppetlabs-stdlib (>= 9.0.0, < 10.0.0)
    puppetlabs-firewall (8.0.1)
      puppetlabs-stdlib (>= 9.0.0, < 10.0.0)
    puppetlabs-inifile (6.1.1)
      puppetlabs-stdlib (>= 4.13.0, < 10.0.0)
    puppetlabs-java (10.1.2)
      puppet-archive (>= 1.1.0, < 8.0.0)
      puppetlabs-stdlib (>= 4.13.1, < 10.0.0)
    puppetlabs-java_ks (5.0.0)
    puppetlabs-mailalias_core (1.2.0)
    puppetlabs-mount_core (1.2.0)
    puppetlabs-mysql (15.0.0)
      puppetlabs-stdlib (>= 9.0.0, < 10.0.0)
    puppetlabs-stdlib (9.6.0)
    syseleven-restic (2.6.1)
      puppet-systemd (>= 3.10.0)
      puppetlabs-concat (>= 7.4.0)
      puppetlabs-stdlib (>= 8.2.0)
    thias-sysctl (1.0.7)

GIT
  remote: https://github.com/lvicainne/puppet-opendkim.git
  ref: v0.4.0
  sha: 5f34642760dd99bb2ef671ff551f87471e308db7
  specs:
    lvicainne-opendkim (0.3.0)
      puppetlabs-stdlib (>= 4.13.0, < 10.0.0)

DEPENDENCIES
  lvicainne-opendkim (>= 0)
  puppet-elastic_stack (= 9.0.0)
  puppet-elasticsearch (= 9.0.0)
  puppet-kibana (= 8.0.0)
  puppet-letsencrypt (= 11.0.0)
  puppet-postfix (= 4.4.0)
  puppet-systemd (= 6.6.0)
  puppetlabs-firewall (= 8.0.1)
  puppetlabs-java (= 10.1.2)
  puppetlabs-mount_core (= 1.2.0)
  puppetlabs-mysql (= 15.0.0)
  syseleven-restic (= 2.6.1)
  thias-sysctl (= 1.0.7)

